{
    "requires": true,
    "lockfileVersion": 1,
    "dependencies": {
        "mix-dependency": {
            "version": "0.0.2",
            "resolved": "https://registry.npmjs.org/mix-dependency/-/mix-dependency-0.0.2.tgz",
            "integrity": "sha512-g7qVNvJT2lD0t/+NZyxHo3i8KDj0+bT0OdM28XW/rPDgPiSzT4q6MWo3rNG42Jn1I2r2H9wwNSm8l3viUv2jkw=="
        }
    }
}
